
Microsoft Visual Studio Solution File, Format Version 12.00
# Visual Studio Version 17
VisualStudioVersion = 17.5.33424.131
MinimumVisualStudioVersion = 10.0.40219.1
Project("{8BC9CEB8-8B4A-11D0-8D11-00A0C91BC942}") = "093_Pointer", "093_Pointer\093_Pointer.vcxproj", "{ACDBD5D0-0D0F-4D2F-A13F-905D37E7C877}"
EndProject
Project("{8BC9CEB8-8B4A-11D0-8D11-00A0C91BC942}") = "pointer2.cpp", "pointer2.cpp\pointer2.cpp.vcxproj", "{9CEC2ED6-697F-4048-BE38-E3B8BC624817}"
EndProject
Project("{8BC9CEB8-8B4A-11D0-8D11-00A0C91BC942}") = "friendclass", "friendclass\friendclass.vcxproj", "{D6F92119-0ADA-4E68-932D-57D494E13F1B}"
EndProject
Project("{8BC9CEB8-8B4A-11D0-8D11-00A0C91BC942}") = "friendclass2", "friendclass2\friendclass2.vcxproj", "{503610F8-6769-41B4-AFA5-F36453DDD7A3}"
EndProject
Global
	GlobalSection(SolutionConfigurationPlatforms) = preSolution
		Debug|x64 = Debug|x64
		Debug|x86 = Debug|x86
		Release|x64 = Release|x64
		Release|x86 = Release|x86
	EndGlobalSection
	GlobalSection(ProjectConfigurationPlatforms) = postSolution
		{ACDBD5D0-0D0F-4D2F-A13F-905D37E7C877}.Debug|x64.ActiveCfg = Debug|x64
		{ACDBD5D0-0D0F-4D2F-A13F-905D37E7C877}.Debug|x64.Build.0 = Debug|x64
		{ACDBD5D0-0D0F-4D2F-A13F-905D37E7C877}.Debug|x86.ActiveCfg = Debug|Win32
		{ACDBD5D0-0D0F-4D2F-A13F-905D37E7C877}.Debug|x86.Build.0 = Debug|Win32
		{ACDBD5D0-0D0F-4D2F-A13F-905D37E7C877}.Release|x64.ActiveCfg = Release|x64
		{ACDBD5D0-0D0F-4D2F-A13F-905D37E7C877}.Release|x64.Build.0 = Release|x64
		{ACDBD5D0-0D0F-4D2F-A13F-905D37E7C877}.Release|x86.ActiveCfg = Release|Win32
		{ACDBD5D0-0D0F-4D2F-A13F-905D37E7C877}.Release|x86.Build.0 = Release|Win32
		{9CEC2ED6-697F-4048-BE38-E3B8BC624817}.Debug|x64.ActiveCfg = Debug|x64
		{9CEC2ED6-697F-4048-BE38-E3B8BC624817}.Debug|x64.Build.0 = Debug|x64
		{9CEC2ED6-697F-4048-BE38-E3B8BC624817}.Debug|x86.ActiveCfg = Debug|Win32
		{9CEC2ED6-697F-4048-BE38-E3B8BC624817}.Debug|x86.Build.0 = Debug|Win32
		{9CEC2ED6-697F-4048-BE38-E3B8BC624817}.Release|x64.ActiveCfg = Release|x64
		{9CEC2ED6-697F-4048-BE38-E3B8BC624817}.Release|x64.Build.0 = Release|x64
		{9CEC2ED6-697F-4048-BE38-E3B8BC624817}.Release|x86.ActiveCfg = Release|Win32
		{9CEC2ED6-697F-4048-BE38-E3B8BC624817}.Release|x86.Build.0 = Release|Win32
		{D6F92119-0ADA-4E68-932D-57D494E13F1B}.Debug|x64.ActiveCfg = Debug|x64
		{D6F92119-0ADA-4E68-932D-57D494E13F1B}.Debug|x64.Build.0 = Debug|x64
		{D6F92119-0ADA-4E68-932D-57D494E13F1B}.Debug|x86.ActiveCfg = Debug|Win32
		{D6F92119-0ADA-4E68-932D-57D494E13F1B}.Debug|x86.Build.0 = Debug|Win32
		{D6F92119-0ADA-4E68-932D-57D494E13F1B}.Release|x64.ActiveCfg = Release|x64
		{D6F92119-0ADA-4E68-932D-57D494E13F1B}.Release|x64.Build.0 = Release|x64
		{D6F92119-0ADA-4E68-932D-57D494E13F1B}.Release|x86.ActiveCfg = Release|Win32
		{D6F92119-0ADA-4E68-932D-57D494E13F1B}.Release|x86.Build.0 = Release|Win32
		{503610F8-6769-41B4-AFA5-F36453DDD7A3}.Debug|x64.ActiveCfg = Debug|x64
		{503610F8-6769-41B4-AFA5-F36453DDD7A3}.Debug|x64.Build.0 = Debug|x64
		{503610F8-6769-41B4-AFA5-F36453DDD7A3}.Debug|x86.ActiveCfg = Debug|Win32
		{503610F8-6769-41B4-AFA5-F36453DDD7A3}.Debug|x86.Build.0 = Debug|Win32
		{503610F8-6769-41B4-AFA5-F36453DDD7A3}.Release|x64.ActiveCfg = Release|x64
		{503610F8-6769-41B4-AFA5-F36453DDD7A3}.Release|x64.Build.0 = Release|x64
		{503610F8-6769-41B4-AFA5-F36453DDD7A3}.Release|x86.ActiveCfg = Release|Win32
		{503610F8-6769-41B4-AFA5-F36453DDD7A3}.Release|x86.Build.0 = Release|Win32
	EndGlobalSection
	GlobalSection(SolutionProperties) = preSolution
		HideSolutionNode = FALSE
	EndGlobalSection
	GlobalSection(ExtensibilityGlobals) = postSolution
		SolutionGuid = {0822CBAA-4BCE-4C9D-BA3C-32A4450CD9B4}
	EndGlobalSection
EndGlobal
